// !$*UTF8*$!
{
	archiveVersion = 1;
	classes = {
	};
	objectVersion = 46;
	objects = {

/* Begin PBXBuildFile section */
		CCFEC59C1DB54DD700AC8AE5 /* main.cpp in Sources */ = {isa = PBXBuildFile; fileRef = CCFEC59B1DB54DD700AC8AE5 /* main.cpp */; };
		CCFEC5A41DB54EDD00AC8AE5 /* upDate.cpp in Sources */ = {isa = PBXBuildFile; fileRef = CCFEC5A21DB54EDD00AC8AE5 /* upDate.cpp */; };
/* End PBXBuildFile section */

/* Begin PBXCopyFilesBuildPhase section */
		CCFEC5961DB54DD700AC8AE5 /* CopyFiles */ = {
			isa = PBXCopyFilesBuildPhase;
			buildActionMask = 2147483647;
			dstPath = /usr/share/man/man1/;
			dstSubfolderSpec = 0;
			files = (
			);
			runOnlyForDeploymentPostprocessing = 1;
		};
/* End PBXCopyFilesBuildPhase section */

/* Begin PBXFileReference section */
		CCFEC5981DB54DD700AC8AE5 /* Project 4 */ = {isa = PBXFileReference; explicitFileType = "compiled.mach-o.executable"; includeInIndex = 0; path = "Project 4"; sourceTree = BUILT_PRODUCTS_DIR; };
		CCFEC59B1DB54DD700AC8AE5 /* main.cpp */ = {isa = PBXFileReference; lastKnownFileType = sourcecode.cpp.cpp; path = main.cpp; sourceTree = "<group>"; };
		CCFEC5A21DB54EDD00AC8AE5 /* upDate.cpp */ = {isa = PBXFileReference; fileEncoding = 4; lastKnownFileType = sourcecode.cpp.cpp; path = upDate.cpp; sourceTree = "<group>"; };
		CCFEC5A31DB54EDD00AC8AE5 /* upDate.hpp */ = {isa = PBXFileReference; fileEncoding = 4; lastKnownFileType = sourcecode.cpp.h; path = upDate.hpp; sourceTree = "<group>"; };
/* End PBXFileReference section */

/* Begin PBXFrameworksBuildPhase section */
		CCFEC5951DB54DD700AC8AE5 /* Frameworks */ = {
			isa = PBXFrameworksBuildPhase;
			buildActionMask = 2147483647;
			files = (
			);
			runOnlyForDeploymentPostprocessing = 0;
		};
/* End PBXFrameworksBuildPhase section */

/* Begin PBXGroup section */
		CCFEC58F1DB54DD700AC8AE5 = {
			isa = PBXGroup;
			children = (
				CCFEC59A1DB54DD700AC8AE5 /* Project 4 */,
				CCFEC5991DB54DD700AC8AE5 /* Products */,
			);
			sourceTree = "<group>";
		};
		CCFEC5991DB54DD700AC8AE5 /* Products */ = {
			isa = PBXGroup;
			children = (
				CCFEC5981DB54DD700AC8AE5 /* Project 4 */,
			);
			name = Products;
			sourceTree = "<group>";
		};
		CCFEC59A1DB54DD700AC8AE5 /* Project 4 */ = {
			isa = PBXGroup;
			children = (
				CCFEC59B1DB54DD700AC8AE5 /* main.cpp */,
				CCFEC5A21DB54EDD00AC8AE5 /* upDate.cpp */,
				CCFEC5A31DB54EDD00AC8AE5 /* upDate.hpp */,
			);
			path = "Project 4";
			sourceTree = "<group>";
		};
/* End PBXGroup section */

/* Begin PBXNativeTarget section */
		CCFEC5971DB54DD700AC8AE5 /* Project 4 */ = {
			isa = PBXNativeTarget;
			buildConfigurationList = CCFEC59F1DB54DD700AC8AE5 /* Build configuration list for PBXNativeTarget "Project 4" */;
			buildPhases = (
				CCFEC5941DB54DD700AC8AE5 /* Sources */,
				CCFEC5951DB54DD700AC8AE5 /* Frameworks */,
				CCFEC5961DB54DD700AC8AE5 /* CopyFiles */,
			);
			buildRules = (
			);
			dependencies = (
			);
			name = "Project 4";
			productName = "Project 4";
			productReference = CCFEC5981DB54DD700AC8AE5 /* Project 4 */;
			productType = "com.apple.product-type.tool";
		};
/* End PBXNativeTarget section */

/* Begin PBXProject section */
		CCFEC5901DB54DD700AC8AE5 /* Project object */ = {
			isa = PBXProject;
			attributes = {
				LastUpgradeCheck = 0800;
				ORGANIZATIONNAME = "Alex Berthon";
				TargetAttributes = {
					CCFEC5971DB54DD700AC8AE5 = {
						CreatedOnToolsVersion = 8.0;
						ProvisioningStyle = Automatic;
					};
				};
			};
			buildConfigurationList = CCFEC5931DB54DD700AC8AE5 /* Build configuration list for PBXProject "Project 4" */;
			compatibilityVersion = "Xcode 3.2";
			developmentRegion = English;
			hasScannedForEncodings = 0;
			knownRegions = (
				en,
			);
			mainGroup = CCFEC58F1DB54DD700AC8AE5;
			productRefGroup = CCFEC5991DB54DD700AC8AE5 /* Products */;
			projectDirPath = "";
			projectRoot = "";
			targets = (
				CCFEC5971DB54DD700AC8AE5 /* Project 4 */,
			);
		};
/* End PBXProject section */

/* Begin PBXSourcesBuildPhase section */
		CCFEC5941DB54DD700AC8AE5 /* Sources */ = {
			isa = PBXSourcesBuildPhase;
			buildActionMask = 2147483647;
			files = (
				CCFEC5A41DB54EDD00AC8AE5 /* upDate.cpp in Sources */,
				CCFEC59C1DB54DD700AC8AE5 /* main.cpp in Sources */,
			);
			runOnlyForDeploymentPostprocessing = 0;
		};
/* End PBXSourcesBuildPhase section */

/* Begin XCBuildConfiguration section */
		CCFEC59D1DB54DD700AC8AE5 /* Debug */ = {
			isa = XCBuildConfiguration;
			buildSettings = {
				ALWAYS_SEARCH_USER_PATHS = NO;
				CLANG_ANALYZER_NONNULL = YES;
				CLANG_CXX_LANGUAGE_STANDARD = "gnu++0x";
				CLANG_CXX_LIBRARY = "libc++";
				CLANG_ENABLE_MODULES = YES;
				CLANG_ENABLE_OBJC_ARC = YES;
				CLANG_WARN_BOOL_CONVERSION = YES;
				CLANG_WARN_CONSTANT_CONVERSION = YES;
				CLANG_WARN_DIRECT_OBJC_ISA_USAGE = YES_ERROR;
				CLANG_WARN_DOCUMENTATION_COMMENTS = YES;
				CLANG_WARN_EMPTY_BODY = YES;
				CLANG_WARN_ENUM_CONVERSION = YES;
				CLANG_WARN_INFINITE_RECURSION = YES;
				CLANG_WARN_INT_CONVERSION = YES;
				CLANG_WARN_OBJC_ROOT_CLASS = YES_ERROR;
				CLANG_WARN_SUSPICIOUS_MOVES = YES;
				CLANG_WARN_UNREACHABLE_CODE = YES;
				CLANG_WARN__DUPLICATE_METHOD_MATCH = YES;
				CODE_SIGN_IDENTITY = "-";
				COPY_PHASE_STRIP = NO;
				DEBUG_INFORMATION_FORMAT = dwarf;
				ENABLE_STRICT_OBJC_MSGSEND = YES;
				ENABLE_TESTABILITY = YES;
				GCC_C_LANGUAGE_STANDARD = gnu99;
				GCC_DYNAMIC_NO_PIC = NO;
				GCC_NO_COMMON_BLOCKS = YES;
				GCC_OPTIMIZATION_LEVEL = 0;
				GCC_PREPROCESSOR_DEFINITIONS = (
					"DEBUG=1",
					"$(inherited)",
				);
				GCC_WARN_64_TO_32_BIT_CONVERSION = YES;
				GCC_WARN_ABOUT_RETURN_TYPE = YES_ERROR;
				GCC_WARN_UNDECLARED_SELECTOR = YES;
				GCC_WARN_UNINITIALIZED_AUTOS = YES_AGGRESSIVE;
				GCC_WARN_UNUSED_FUNCTION = YES;
				GCC_WARN_UNUSED_VARIABLE = YES;
				MACOSX_DEPLOYMENT_TARGET = 10.11;
				MTL_ENABLE_DEBUG_INFO = YES;
				ONLY_ACTIVE_ARCH = YES;
				SDKROOT = macosx;
			};
			name = Debug;
		};
		CCFEC59E1DB54DD700AC8AE5 /* Release */ = {
			isa = XCBuildConfiguration;
			buildSettings = {
				ALWAYS_SEARCH_USER_PATHS = NO;
				CLANG_ANALYZER_NONNULL = YES;
				CLANG_CXX_LANGUAGE_STANDARD = "gnu++0x";
				CLANG_CXX_LIBRARY = "libc++";
				CLANG_ENABLE_MODULES = YES;
				CLANG_ENABLE_OBJC_ARC = YES;
				CLANG_WARN_BOOL_CONVERSION = YES;
				CLANG_WARN_CONSTANT_CONVERSION = YES;
				CLANG_WARN_DIRECT_OBJC_ISA_USAGE = YES_ERROR;
				CLANG_WARN_DOCUMENTATION_COMMENTS = YES;
				CLANG_WARN_EMPTY_BODY = YES;
				CLANG_WARN_ENUM_CONVERSION = YES;
				CLANG_WARN_INFINITE_RECURSION = YES;
				CLANG_WARN_INT_CONVERSION = YES;
				CLANG_WARN_OBJC_ROOT_CLASS = YES_ERROR;
				CLANG_WARN_SUSPICIOUS_MOVES = YES;
				CLANG_WARN_UNREACHABLE_CODE = YES;
				CLANG_WARN__DUPLICATE_METHOD_MATCH = YES;
				CODE_SIGN_IDENTITY = "-";
				COPY_PHASE_STRIP = NO;
				DEBUG_INFORMATION_FORMAT = "dwarf-with-dsym";
				ENABLE_NS_ASSERTIONS = NO;
				ENABLE_STRICT_OBJC_MSGSEND = YES;
				GCC_C_LANGUAGE_STANDARD = gnu99;
				GCC_NO_COMMON_BLOCKS = YES;
				GCC_WARN_64_TO_32_BIT_CONVERSION = YES;
				GCC_WARN_ABOUT_RETURN_TYPE = YES_ERROR;
				GCC_WARN_UNDECLARED_SELECTOR = YES;
				GCC_WARN_UNINITIALIZED_AUTOS = YES_AGGRESSIVE;
				GCC_WARN_UNUSED_FUNCTION = YES;
				GCC_WARN_UNUSED_VARIABLE = YES;
				MACOSX_DEPLOYMENT_TARGET = 10.11;
				MTL_ENABLE_DEBUG_INFO = NO;
				SDKROOT = macosx;
			};
			name = Release;
		};
		CCFEC5A01DB54DD700AC8AE5 /* Debug */ = {
			isa = XCBuildConfiguration;
			buildSettings = {
				PRODUCT_NAME = "$(TARGET_NAME)";
			};
			name = Debug;
		};
		CCFEC5A11DB54DD700AC8AE5 /* Release */ = {
			isa = XCBuildConfiguration;
			buildSettings = {
				PRODUCT_NAME = "$(TARGET_NAME)";
			};
			name = Release;
		};
/* End XCBuildConfiguration section */

/* Begin XCConfigurationList section */
		CCFEC5931DB54DD700AC8AE5 /* Build configuration list for PBXProject "Project 4" */ = {
			isa = XCConfigurationList;
			buildConfigurations = (
				CCFEC59D1DB54DD700AC8AE5 /* Debug */,
				CCFEC59E1DB54DD700AC8AE5 /* Release */,
			);
			defaultConfigurationIsVisible = 0;
			defaultConfigurationName = Release;
		};
		CCFEC59F1DB54DD700AC8AE5 /* Build configuration list for PBXNativeTarget "Project 4" */ = {
			isa = XCConfigurationList;
			buildConfigurations = (
				CCFEC5A01DB54DD700AC8AE5 /* Debug */,
				CCFEC5A11DB54DD700AC8AE5 /* Release */,
			);
			defaultConfigurationIsVisible = 0;
		};
/* End XCConfigurationList section */
	};
	rootObject = CCFEC5901DB54DD700AC8AE5 /* Project object */;
}
